
Microsoft Visual Studio Solution File, Format Version 12.00
# Visual Studio Version 17
VisualStudioVersion = 17.3.32929.385
MinimumVisualStudioVersion = 10.0.40219.1
Project("{FAE04EC0-301F-11D3-BF4B-00C04F79EFBC}") = "IGMediaDownloader", "IGMediaDownloader.csproj", "{05D73A5E-BEAB-466B-8F5E-2B4E2B411EC1}"
EndProject
Global
	GlobalSection(SolutionConfigurationPlatforms) = preSolution
		Debug|Any CPU = Debug|Any CPU
		Release|Any CPU = Release|Any CPU
	EndGlobalSection
	GlobalSection(ProjectConfigurationPlatforms) = postSolution
		{05D73A5E-BEAB-466B-8F5E-2B4E2B411EC1}.Debug|Any CPU.ActiveCfg = Debug|Any CPU
		{05D73A5E-BEAB-466B-8F5E-2B4E2B411EC1}.Debug|Any CPU.Build.0 = Debug|Any CPU
		{05D73A5E-BEAB-466B-8F5E-2B4E2B411EC1}.Release|Any CPU.ActiveCfg = Release|Any CPU
		{05D73A5E-BEAB-466B-8F5E-2B4E2B411EC1}.Release|Any CPU.Build.0 = Release|Any CPU
	EndGlobalSection
	GlobalSection(SolutionProperties) = preSolution
		HideSolutionNode = FALSE
	EndGlobalSection
	GlobalSection(ExtensibilityGlobals) = postSolution
		SolutionGuid = {5083565F-77A8-4079-8CEC-D93F4DCCD46F}
	EndGlobalSection
EndGlobal
